// !$*UTF8*$!
{
	archiveVersion = 1;
	classes = {
	};
	objectVersion = 50;
	objects = {

/* Begin PBXBuildFile section */
		9F1BE08C264E5A1C000A0384 /* AppDelegate.swift in Sources */ = {isa = PBXBuildFile; fileRef = 9F1BE08B264E5A1C000A0384 /* AppDelegate.swift */; };
		9F1BE08E264E5A1C000A0384 /* SceneDelegate.swift in Sources */ = {isa = PBXBuildFile; fileRef = 9F1BE08D264E5A1C000A0384 /* SceneDelegate.swift */; };
		9F1BE090264E5A1C000A0384 /* ViewController.swift in Sources */ = {isa = PBXBuildFile; fileRef = 9F1BE08F264E5A1C000A0384 /* ViewController.swift */; };
		9F1BE093264E5A1C000A0384 /* Main.storyboard in Resources */ = {isa = PBXBuildFile; fileRef = 9F1BE091264E5A1C000A0384 /* Main.storyboard */; };
		9F1BE095264E5A1D000A0384 /* Assets.xcassets in Resources */ = {isa = PBXBuildFile; fileRef = 9F1BE094264E5A1D000A0384 /* Assets.xcassets */; };
		9F1BE098264E5A1D000A0384 /* LaunchScreen.storyboard in Resources */ = {isa = PBXBuildFile; fileRef = 9F1BE096264E5A1D000A0384 /* LaunchScreen.storyboard */; };
		9F1BE0A3264E5A1E000A0384 /* SalesTaxTests.swift in Sources */ = {isa = PBXBuildFile; fileRef = 9F1BE0A2264E5A1E000A0384 /* SalesTaxTests.swift */; };
		9F1BE0AE264E5A1E000A0384 /* SalesTaxUITests.swift in Sources */ = {isa = PBXBuildFile; fileRef = 9F1BE0AD264E5A1E000A0384 /* SalesTaxUITests.swift */; };
/* End PBXBuildFile section */

/* Begin PBXContainerItemProxy section */
		9F1BE09F264E5A1E000A0384 /* PBXContainerItemProxy */ = {
			isa = PBXContainerItemProxy;
			containerPortal = 9F1BE080264E5A1C000A0384 /* Project object */;
			proxyType = 1;
			remoteGlobalIDString = 9F1BE087264E5A1C000A0384;
			remoteInfo = SalesTax;
		};
		9F1BE0AA264E5A1E000A0384 /* PBXContainerItemProxy */ = {
			isa = PBXContainerItemProxy;
			containerPortal = 9F1BE080264E5A1C000A0384 /* Project object */;
			proxyType = 1;
			remoteGlobalIDString = 9F1BE087264E5A1C000A0384;
			remoteInfo = SalesTax;
		};
/* End PBXContainerItemProxy section */

/* Begin PBXFileReference section */
		9F1BE088264E5A1C000A0384 /* SalesTax.app */ = {isa = PBXFileReference; explicitFileType = wrapper.application; includeInIndex = 0; path = SalesTax.app; sourceTree = BUILT_PRODUCTS_DIR; };
		9F1BE08B264E5A1C000A0384 /* AppDelegate.swift */ = {isa = PBXFileReference; lastKnownFileType = sourcecode.swift; path = AppDelegate.swift; sourceTree = "<group>"; };
		9F1BE08D264E5A1C000A0384 /* SceneDelegate.swift */ = {isa = PBXFileReference; lastKnownFileType = sourcecode.swift; path = SceneDelegate.swift; sourceTree = "<group>"; };
		9F1BE08F264E5A1C000A0384 /* ViewController.swift */ = {isa = PBXFileReference; lastKnownFileType = sourcecode.swift; path = ViewController.swift; sourceTree = "<group>"; };
		9F1BE092264E5A1C000A0384 /* Base */ = {isa = PBXFileReference; lastKnownFileType = file.storyboard; name = Base; path = Base.lproj/Main.storyboard; sourceTree = "<group>"; };
		9F1BE094264E5A1D000A0384 /* Assets.xcassets */ = {isa = PBXFileReference; lastKnownFileType = folder.assetcatalog; path = Assets.xcassets; sourceTree = "<group>"; };
		9F1BE097264E5A1D000A0384 /* Base */ = {isa = PBXFileReference; lastKnownFileType = file.storyboard; name = Base; path = Base.lproj/LaunchScreen.storyboard; sourceTree = "<group>"; };
		9F1BE099264E5A1D000A0384 /* Info.plist */ = {isa = PBXFileReference; lastKnownFileType = text.plist.xml; path = Info.plist; sourceTree = "<group>"; };
		9F1BE09E264E5A1E000A0384 /* SalesTaxTests.xctest */ = {isa = PBXFileReference; explicitFileType = wrapper.cfbundle; includeInIndex = 0; path = SalesTaxTests.xctest; sourceTree = BUILT_PRODUCTS_DIR; };
		9F1BE0A2264E5A1E000A0384 /* SalesTaxTests.swift */ = {isa = PBXFileReference; lastKnownFileType = sourcecode.swift; path = SalesTaxTests.swift; sourceTree = "<group>"; };
		9F1BE0A4264E5A1E000A0384 /* Info.plist */ = {isa = PBXFileReference; lastKnownFileType = text.plist.xml; path = Info.plist; sourceTree = "<group>"; };
		9F1BE0A9264E5A1E000A0384 /* SalesTaxUITests.xctest */ = {isa = PBXFileReference; explicitFileType = wrapper.cfbundle; includeInIndex = 0; path = SalesTaxUITests.xctest; sourceTree = BUILT_PRODUCTS_DIR; };
		9F1BE0AD264E5A1E000A0384 /* SalesTaxUITests.swift */ = {isa = PBXFileReference; lastKnownFileType = sourcecode.swift; path = SalesTaxUITests.swift; sourceTree = "<group>"; };
		9F1BE0AF264E5A1E000A0384 /* Info.plist */ = {isa = PBXFileReference; lastKnownFileType = text.plist.xml; path = Info.plist; sourceTree = "<group>"; };
/* End PBXFileReference section */

/* Begin PBXFrameworksBuildPhase section */
		9F1BE085264E5A1C000A0384 /* Frameworks */ = {
			isa = PBXFrameworksBuildPhase;
			buildActionMask = 2147483647;
			files = (
			);
			runOnlyForDeploymentPostprocessing = 0;
		};
		9F1BE09B264E5A1E000A0384 /* Frameworks */ = {
			isa = PBXFrameworksBuildPhase;
			buildActionMask = 2147483647;
			files = (
			);
			runOnlyForDeploymentPostprocessing = 0;
		};
		9F1BE0A6264E5A1E000A0384 /* Frameworks */ = {
			isa = PBXFrameworksBuildPhase;
			buildActionMask = 2147483647;
			files = (
			);
			runOnlyForDeploymentPostprocessing = 0;
		};
/* End PBXFrameworksBuildPhase section */

/* Begin PBXGroup section */
		9F1BE07F264E5A1C000A0384 = {
			isa = PBXGroup;
			children = (
				9F1BE08A264E5A1C000A0384 /* SalesTax */,
				9F1BE0A1264E5A1E000A0384 /* SalesTaxTests */,
				9F1BE0AC264E5A1E000A0384 /* SalesTaxUITests */,
				9F1BE089264E5A1C000A0384 /* Products */,
			);
			sourceTree = "<group>";
		};
		9F1BE089264E5A1C000A0384 /* Products */ = {
			isa = PBXGroup;
			children = (
				9F1BE088264E5A1C000A0384 /* SalesTax.app */,
				9F1BE09E264E5A1E000A0384 /* SalesTaxTests.xctest */,
				9F1BE0A9264E5A1E000A0384 /* SalesTaxUITests.xctest */,
			);
			name = Products;
			sourceTree = "<group>";
		};
		9F1BE08A264E5A1C000A0384 /* SalesTax */ = {
			isa = PBXGroup;
			children = (
				9F1BE08B264E5A1C000A0384 /* AppDelegate.swift */,
				9F1BE08D264E5A1C000A0384 /* SceneDelegate.swift */,
				9F1BE08F264E5A1C000A0384 /* ViewController.swift */,
				9F1BE091264E5A1C000A0384 /* Main.storyboard */,
				9F1BE094264E5A1D000A0384 /* Assets.xcassets */,
				9F1BE096264E5A1D000A0384 /* LaunchScreen.storyboard */,
				9F1BE099264E5A1D000A0384 /* Info.plist */,
			);
			path = SalesTax;
			sourceTree = "<group>";
		};
		9F1BE0A1264E5A1E000A0384 /* SalesTaxTests */ = {
			isa = PBXGroup;
			children = (
				9F1BE0A2264E5A1E000A0384 /* SalesTaxTests.swift */,
				9F1BE0A4264E5A1E000A0384 /* Info.plist */,
			);
			path = SalesTaxTests;
			sourceTree = "<group>";
		};
		9F1BE0AC264E5A1E000A0384 /* SalesTaxUITests */ = {
			isa = PBXGroup;
			children = (
				9F1BE0AD264E5A1E000A0384 /* SalesTaxUITests.swift */,
				9F1BE0AF264E5A1E000A0384 /* Info.plist */,
			);
			path = SalesTaxUITests;
			sourceTree = "<group>";
		};
/* End PBXGroup section */

/* Begin PBXNativeTarget section */
		9F1BE087264E5A1C000A0384 /* SalesTax */ = {
			isa = PBXNativeTarget;
			buildConfigurationList = 9F1BE0B2264E5A1E000A0384 /* Build configuration list for PBXNativeTarget "SalesTax" */;
			buildPhases = (
				9F1BE084264E5A1C000A0384 /* Sources */,
				9F1BE085264E5A1C000A0384 /* Frameworks */,
				9F1BE086264E5A1C000A0384 /* Resources */,
			);
			buildRules = (
			);
			dependencies = (
			);
			name = SalesTax;
			productName = SalesTax;
			productReference = 9F1BE088264E5A1C000A0384 /* SalesTax.app */;
			productType = "com.apple.product-type.application";
		};
		9F1BE09D264E5A1E000A0384 /* SalesTaxTests */ = {
			isa = PBXNativeTarget;
			buildConfigurationList = 9F1BE0B5264E5A1E000A0384 /* Build configuration list for PBXNativeTarget "SalesTaxTests" */;
			buildPhases = (
				9F1BE09A264E5A1E000A0384 /* Sources */,
				9F1BE09B264E5A1E000A0384 /* Frameworks */,
				9F1BE09C264E5A1E000A0384 /* Resources */,
			);
			buildRules = (
			);
			dependencies = (
				9F1BE0A0264E5A1E000A0384 /* PBXTargetDependency */,
			);
			name = SalesTaxTests;
			productName = SalesTaxTests;
			productReference = 9F1BE09E264E5A1E000A0384 /* SalesTaxTests.xctest */;
			productType = "com.apple.product-type.bundle.unit-test";
		};
		9F1BE0A8264E5A1E000A0384 /* SalesTaxUITests */ = {
			isa = PBXNativeTarget;
			buildConfigurationList = 9F1BE0B8264E5A1E000A0384 /* Build configuration list for PBXNativeTarget "SalesTaxUITests" */;
			buildPhases = (
				9F1BE0A5264E5A1E000A0384 /* Sources */,
				9F1BE0A6264E5A1E000A0384 /* Frameworks */,
				9F1BE0A7264E5A1E000A0384 /* Resources */,
			);
			buildRules = (
			);
			dependencies = (
				9F1BE0AB264E5A1E000A0384 /* PBXTargetDependency */,
			);
			name = SalesTaxUITests;
			productName = SalesTaxUITests;
			productReference = 9F1BE0A9264E5A1E000A0384 /* SalesTaxUITests.xctest */;
			productType = "com.apple.product-type.bundle.ui-testing";
		};
/* End PBXNativeTarget section */

/* Begin PBXProject section */
		9F1BE080264E5A1C000A0384 /* Project object */ = {
			isa = PBXProject;
			attributes = {
				LastSwiftUpdateCheck = 1250;
				LastUpgradeCheck = 1250;
				TargetAttributes = {
					9F1BE087264E5A1C000A0384 = {
						CreatedOnToolsVersion = 12.5;
					};
					9F1BE09D264E5A1E000A0384 = {
						CreatedOnToolsVersion = 12.5;
						TestTargetID = 9F1BE087264E5A1C000A0384;
					};
					9F1BE0A8264E5A1E000A0384 = {
						CreatedOnToolsVersion = 12.5;
						TestTargetID = 9F1BE087264E5A1C000A0384;
					};
				};
			};
			buildConfigurationList = 9F1BE083264E5A1C000A0384 /* Build configuration list for PBXProject "SalesTax" */;
			compatibilityVersion = "Xcode 9.3";
			developmentRegion = en;
			hasScannedForEncodings = 0;
			knownRegions = (
				en,
				Base,
			);
			mainGroup = 9F1BE07F264E5A1C000A0384;
			productRefGroup = 9F1BE089264E5A1C000A0384 /* Products */;
			projectDirPath = "";
			projectRoot = "";
			targets = (
				9F1BE087264E5A1C000A0384 /* SalesTax */,
				9F1BE09D264E5A1E000A0384 /* SalesTaxTests */,
				9F1BE0A8264E5A1E000A0384 /* SalesTaxUITests */,
			);
		};
/* End PBXProject section */

/* Begin PBXResourcesBuildPhase section */
		9F1BE086264E5A1C000A0384 /* Resources */ = {
			isa = PBXResourcesBuildPhase;
			buildActionMask = 2147483647;
			files = (
				9F1BE098264E5A1D000A0384 /* LaunchScreen.storyboard in Resources */,
				9F1BE095264E5A1D000A0384 /* Assets.xcassets in Resources */,
				9F1BE093264E5A1C000A0384 /* Main.storyboard in Resources */,
			);
			runOnlyForDeploymentPostprocessing = 0;
		};
		9F1BE09C264E5A1E000A0384 /* Resources */ = {
			isa = PBXResourcesBuildPhase;
			buildActionMask = 2147483647;
			files = (
			);
			runOnlyForDeploymentPostprocessing = 0;
		};
		9F1BE0A7264E5A1E000A0384 /* Resources */ = {
			isa = PBXResourcesBuildPhase;
			buildActionMask = 2147483647;
			files = (
			);
			runOnlyForDeploymentPostprocessing = 0;
		};
/* End PBXResourcesBuildPhase section */

/* Begin PBXSourcesBuildPhase section */
		9F1BE084264E5A1C000A0384 /* Sources */ = {
			isa = PBXSourcesBuildPhase;
			buildActionMask = 2147483647;
			files = (
				9F1BE090264E5A1C000A0384 /* ViewController.swift in Sources */,
				9F1BE08C264E5A1C000A0384 /* AppDelegate.swift in Sources */,
				9F1BE08E264E5A1C000A0384 /* SceneDelegate.swift in Sources */,
			);
			runOnlyForDeploymentPostprocessing = 0;
		};
		9F1BE09A264E5A1E000A0384 /* Sources */ = {
			isa = PBXSourcesBuildPhase;
			buildActionMask = 2147483647;
			files = (
				9F1BE0A3264E5A1E000A0384 /* SalesTaxTests.swift in Sources */,
			);
			runOnlyForDeploymentPostprocessing = 0;
		};
		9F1BE0A5264E5A1E000A0384 /* Sources */ = {
			isa = PBXSourcesBuildPhase;
			buildActionMask = 2147483647;
			files = (
				9F1BE0AE264E5A1E000A0384 /* SalesTaxUITests.swift in Sources */,
			);
			runOnlyForDeploymentPostprocessing = 0;
		};
/* End PBXSourcesBuildPhase section */

/* Begin PBXTargetDependency section */
		9F1BE0A0264E5A1E000A0384 /* PBXTargetDependency */ = {
			isa = PBXTargetDependency;
			target = 9F1BE087264E5A1C000A0384 /* SalesTax */;
			targetProxy = 9F1BE09F264E5A1E000A0384 /* PBXContainerItemProxy */;
		};
		9F1BE0AB264E5A1E000A0384 /* PBXTargetDependency */ = {
			isa = PBXTargetDependency;
			target = 9F1BE087264E5A1C000A0384 /* SalesTax */;
			targetProxy = 9F1BE0AA264E5A1E000A0384 /* PBXContainerItemProxy */;
		};
/* End PBXTargetDependency section */

/* Begin PBXVariantGroup section */
		9F1BE091264E5A1C000A0384 /* Main.storyboard */ = {
			isa = PBXVariantGroup;
			children = (
				9F1BE092264E5A1C000A0384 /* Base */,
			);
			name = Main.storyboard;
			sourceTree = "<group>";
		};
		9F1BE096264E5A1D000A0384 /* LaunchScreen.storyboard */ = {
			isa = PBXVariantGroup;
			children = (
				9F1BE097264E5A1D000A0384 /* Base */,
			);
			name = LaunchScreen.storyboard;
			sourceTree = "<group>";
		};
/* End PBXVariantGroup section */

/* Begin XCBuildConfiguration section */
		9F1BE0B0264E5A1E000A0384 /* Debug */ = {
			isa = XCBuildConfiguration;
			buildSettings = {
				ALWAYS_SEARCH_USER_PATHS = NO;
				CLANG_ANALYZER_NONNULL = YES;
				CLANG_ANALYZER_NUMBER_OBJECT_CONVERSION = YES_AGGRESSIVE;
				CLANG_CXX_LANGUAGE_STANDARD = "gnu++14";
				CLANG_CXX_LIBRARY = "libc++";
				CLANG_ENABLE_MODULES = YES;
				CLANG_ENABLE_OBJC_ARC = YES;
				CLANG_ENABLE_OBJC_WEAK = YES;
				CLANG_WARN_BLOCK_CAPTURE_AUTORELEASING = YES;
				CLANG_WARN_BOOL_CONVERSION = YES;
				CLANG_WARN_COMMA = YES;
				CLANG_WARN_CONSTANT_CONVERSION = YES;
				CLANG_WARN_DEPRECATED_OBJC_IMPLEMENTATIONS = YES;
				CLANG_WARN_DIRECT_OBJC_ISA_USAGE = YES_ERROR;
				CLANG_WARN_DOCUMENTATION_COMMENTS = YES;
				CLANG_WARN_EMPTY_BODY = YES;
				CLANG_WARN_ENUM_CONVERSION = YES;
				CLANG_WARN_INFINITE_RECURSION = YES;
				CLANG_WARN_INT_CONVERSION = YES;
				CLANG_WARN_NON_LITERAL_NULL_CONVERSION = YES;
				CLANG_WARN_OBJC_IMPLICIT_RETAIN_SELF = YES;
				CLANG_WARN_OBJC_LITERAL_CONVERSION = YES;
				CLANG_WARN_OBJC_ROOT_CLASS = YES_ERROR;
				CLANG_WARN_QUOTED_INCLUDE_IN_FRAMEWORK_HEADER = YES;
				CLANG_WARN_RANGE_LOOP_ANALYSIS = YES;
				CLANG_WARN_STRICT_PROTOTYPES = YES;
				CLANG_WARN_SUSPICIOUS_MOVE = YES;
				CLANG_WARN_UNGUARDED_AVAILABILITY = YES_AGGRESSIVE;
				CLANG_WARN_UNREACHABLE_CODE = YES;
				CLANG_WARN__DUPLICATE_METHOD_MATCH = YES;
				COPY_PHASE_STRIP = NO;
				DEBUG_INFORMATION_FORMAT = dwarf;
				ENABLE_STRICT_OBJC_MSGSEND = YES;
				ENABLE_TESTABILITY = YES;
				GCC_C_LANGUAGE_STANDARD = gnu11;
				GCC_DYNAMIC_NO_PIC = NO;
				GCC_NO_COMMON_BLOCKS = YES;
				GCC_OPTIMIZATION_LEVEL = 0;
				GCC_PREPROCESSOR_DEFINITIONS = (
					"DEBUG=1",
					"$(inherited)",
				);
				GCC_WARN_64_TO_32_BIT_CONVERSION = YES;
				GCC_WARN_ABOUT_RETURN_TYPE = YES_ERROR;
				GCC_WARN_UNDECLARED_SELECTOR = YES;
				GCC_WARN_UNINITIALIZED_AUTOS = YES_AGGRESSIVE;
				GCC_WARN_UNUSED_FUNCTION = YES;
				GCC_WARN_UNUSED_VARIABLE = YES;
				IPHONEOS_DEPLOYMENT_TARGET = 14.5;
				MTL_ENABLE_DEBUG_INFO = INCLUDE_SOURCE;
				MTL_FAST_MATH = YES;
				ONLY_ACTIVE_ARCH = YES;
				SDKROOT = iphoneos;
				SWIFT_ACTIVE_COMPILATION_CONDITIONS = DEBUG;
				SWIFT_OPTIMIZATION_LEVEL = "-Onone";
			};
			name = Debug;
		};
		9F1BE0B1264E5A1E000A0384 /* Release */ = {
			isa = XCBuildConfiguration;
			buildSettings = {
				ALWAYS_SEARCH_USER_PATHS = NO;
				CLANG_ANALYZER_NONNULL = YES;
				CLANG_ANALYZER_NUMBER_OBJECT_CONVERSION = YES_AGGRESSIVE;
				CLANG_CXX_LANGUAGE_STANDARD = "gnu++14";
				CLANG_CXX_LIBRARY = "libc++";
				CLANG_ENABLE_MODULES = YES;
				CLANG_ENABLE_OBJC_ARC = YES;
				CLANG_ENABLE_OBJC_WEAK = YES;
				CLANG_WARN_BLOCK_CAPTURE_AUTORELEASING = YES;
				CLANG_WARN_BOOL_CONVERSION = YES;
				CLANG_WARN_COMMA = YES;
				CLANG_WARN_CONSTANT_CONVERSION = YES;
				CLANG_WARN_DEPRECATED_OBJC_IMPLEMENTATIONS = YES;
				CLANG_WARN_DIRECT_OBJC_ISA_USAGE = YES_ERROR;
				CLANG_WARN_DOCUMENTATION_COMMENTS = YES;
				CLANG_WARN_EMPTY_BODY = YES;
				CLANG_WARN_ENUM_CONVERSION = YES;
				CLANG_WARN_INFINITE_RECURSION = YES;
				CLANG_WARN_INT_CONVERSION = YES;
				CLANG_WARN_NON_LITERAL_NULL_CONVERSION = YES;
				CLANG_WARN_OBJC_IMPLICIT_RETAIN_SELF = YES;
				CLANG_WARN_OBJC_LITERAL_CONVERSION = YES;
				CLANG_WARN_OBJC_ROOT_CLASS = YES_ERROR;
				CLANG_WARN_QUOTED_INCLUDE_IN_FRAMEWORK_HEADER = YES;
				CLANG_WARN_RANGE_LOOP_ANALYSIS = YES;
				CLANG_WARN_STRICT_PROTOTYPES = YES;
				CLANG_WARN_SUSPICIOUS_MOVE = YES;
				CLANG_WARN_UNGUARDED_AVAILABILITY = YES_AGGRESSIVE;
				CLANG_WARN_UNREACHABLE_CODE = YES;
				CLANG_WARN__DUPLICATE_METHOD_MATCH = YES;
				COPY_PHASE_STRIP = NO;
				DEBUG_INFORMATION_FORMAT = "dwarf-with-dsym";
				ENABLE_NS_ASSERTIONS = NO;
				ENABLE_STRICT_OBJC_MSGSEND = YES;
				GCC_C_LANGUAGE_STANDARD = gnu11;
				GCC_NO_COMMON_BLOCKS = YES;
				GCC_WARN_64_TO_32_BIT_CONVERSION = YES;
				GCC_WARN_ABOUT_RETURN_TYPE = YES_ERROR;
				GCC_WARN_UNDECLARED_SELECTOR = YES;
				GCC_WARN_UNINITIALIZED_AUTOS = YES_AGGRESSIVE;
				GCC_WARN_UNUSED_FUNCTION = YES;
				GCC_WARN_UNUSED_VARIABLE = YES;
				IPHONEOS_DEPLOYMENT_TARGET = 14.5;
				MTL_ENABLE_DEBUG_INFO = NO;
				MTL_FAST_MATH = YES;
				SDKROOT = iphoneos;
				SWIFT_COMPILATION_MODE = wholemodule;
				SWIFT_OPTIMIZATION_LEVEL = "-O";
				VALIDATE_PRODUCT = YES;
			};
			name = Release;
		};
		9F1BE0B3264E5A1E000A0384 /* Debug */ = {
			isa = XCBuildConfiguration;
			buildSettings = {
				ASSETCATALOG_COMPILER_APPICON_NAME = AppIcon;
				ASSETCATALOG_COMPILER_GLOBAL_ACCENT_COLOR_NAME = AccentColor;
				CODE_SIGN_STYLE = Automatic;
				INFOPLIST_FILE = SalesTax/Info.plist;
				LD_RUNPATH_SEARCH_PATHS = (
					"$(inherited)",
					"@executable_path/Frameworks",
				);
				PRODUCT_BUNDLE_IDENTIFIER = com.eddypepy.SalesTax;
				PRODUCT_NAME = "$(TARGET_NAME)";
				SWIFT_VERSION = 5.0;
				TARGETED_DEVICE_FAMILY = "1,2";
			};
			name = Debug;
		};
		9F1BE0B4264E5A1E000A0384 /* Release */ = {
			isa = XCBuildConfiguration;
			buildSettings = {
				ASSETCATALOG_COMPILER_APPICON_NAME = AppIcon;
				ASSETCATALOG_COMPILER_GLOBAL_ACCENT_COLOR_NAME = AccentColor;
				CODE_SIGN_STYLE = Automatic;
				INFOPLIST_FILE = SalesTax/Info.plist;
				LD_RUNPATH_SEARCH_PATHS = (
					"$(inherited)",
					"@executable_path/Frameworks",
				);
				PRODUCT_BUNDLE_IDENTIFIER = com.eddypepy.SalesTax;
				PRODUCT_NAME = "$(TARGET_NAME)";
				SWIFT_VERSION = 5.0;
				TARGETED_DEVICE_FAMILY = "1,2";
			};
			name = Release;
		};
		9F1BE0B6264E5A1E000A0384 /* Debug */ = {
			isa = XCBuildConfiguration;
			buildSettings = {
				ALWAYS_EMBED_SWIFT_STANDARD_LIBRARIES = YES;
				BUNDLE_LOADER = "$(TEST_HOST)";
				CODE_SIGN_STYLE = Automatic;
				INFOPLIST_FILE = SalesTaxTests/Info.plist;
				IPHONEOS_DEPLOYMENT_TARGET = 14.5;
				LD_RUNPATH_SEARCH_PATHS = (
					"$(inherited)",
					"@executable_path/Frameworks",
					"@loader_path/Frameworks",
				);
				PRODUCT_BUNDLE_IDENTIFIER = com.eddypepy.SalesTaxTests;
				PRODUCT_NAME = "$(TARGET_NAME)";
				SWIFT_VERSION = 5.0;
				TARGETED_DEVICE_FAMILY = "1,2";
				TEST_HOST = "$(BUILT_PRODUCTS_DIR)/SalesTax.app/SalesTax";
			};
			name = Debug;
		};
		9F1BE0B7264E5A1E000A0384 /* Release */ = {
			isa = XCBuildConfiguration;
			buildSettings = {
				ALWAYS_EMBED_SWIFT_STANDARD_LIBRARIES = YES;
				BUNDLE_LOADER = "$(TEST_HOST)";
				CODE_SIGN_STYLE = Automatic;
				INFOPLIST_FILE = SalesTaxTests/Info.plist;
				IPHONEOS_DEPLOYMENT_TARGET = 14.5;
				LD_RUNPATH_SEARCH_PATHS = (
					"$(inherited)",
					"@executable_path/Frameworks",
					"@loader_path/Frameworks",
				);
				PRODUCT_BUNDLE_IDENTIFIER = com.eddypepy.SalesTaxTests;
				PRODUCT_NAME = "$(TARGET_NAME)";
				SWIFT_VERSION = 5.0;
				TARGETED_DEVICE_FAMILY = "1,2";
				TEST_HOST = "$(BUILT_PRODUCTS_DIR)/SalesTax.app/SalesTax";
			};
			name = Release;
		};
		9F1BE0B9264E5A1E000A0384 /* Debug */ = {
			isa = XCBuildConfiguration;
			buildSettings = {
				ALWAYS_EMBED_SWIFT_STANDARD_LIBRARIES = YES;
				CODE_SIGN_STYLE = Automatic;
				INFOPLIST_FILE = SalesTaxUITests/Info.plist;
				LD_RUNPATH_SEARCH_PATHS = (
					"$(inherited)",
					"@executable_path/Frameworks",
					"@loader_path/Frameworks",
				);
				PRODUCT_BUNDLE_IDENTIFIER = com.eddypepy.SalesTaxUITests;
				PRODUCT_NAME = "$(TARGET_NAME)";
				SWIFT_VERSION = 5.0;
				TARGETED_DEVICE_FAMILY = "1,2";
				TEST_TARGET_NAME = SalesTax;
			};
			name = Debug;
		};
		9F1BE0BA264E5A1E000A0384 /* Release */ = {
			isa = XCBuildConfiguration;
			buildSettings = {
				ALWAYS_EMBED_SWIFT_STANDARD_LIBRARIES = YES;
				CODE_SIGN_STYLE = Automatic;
				INFOPLIST_FILE = SalesTaxUITests/Info.plist;
				LD_RUNPATH_SEARCH_PATHS = (
					"$(inherited)",
					"@executable_path/Frameworks",
					"@loader_path/Frameworks",
				);
				PRODUCT_BUNDLE_IDENTIFIER = com.eddypepy.SalesTaxUITests;
				PRODUCT_NAME = "$(TARGET_NAME)";
				SWIFT_VERSION = 5.0;
				TARGETED_DEVICE_FAMILY = "1,2";
				TEST_TARGET_NAME = SalesTax;
			};
			name = Release;
		};
/* End XCBuildConfiguration section */

/* Begin XCConfigurationList section */
		9F1BE083264E5A1C000A0384 /* Build configuration list for PBXProject "SalesTax" */ = {
			isa = XCConfigurationList;
			buildConfigurations = (
				9F1BE0B0264E5A1E000A0384 /* Debug */,
				9F1BE0B1264E5A1E000A0384 /* Release */,
			);
			defaultConfigurationIsVisible = 0;
			defaultConfigurationName = Release;
		};
		9F1BE0B2264E5A1E000A0384 /* Build configuration list for PBXNativeTarget "SalesTax" */ = {
			isa = XCConfigurationList;
			buildConfigurations = (
				9F1BE0B3264E5A1E000A0384 /* Debug */,
				9F1BE0B4264E5A1E000A0384 /* Release */,
			);
			defaultConfigurationIsVisible = 0;
			defaultConfigurationName = Release;
		};
		9F1BE0B5264E5A1E000A0384 /* Build configuration list for PBXNativeTarget "SalesTaxTests" */ = {
			isa = XCConfigurationList;
			buildConfigurations = (
				9F1BE0B6264E5A1E000A0384 /* Debug */,
				9F1BE0B7264E5A1E000A0384 /* Release */,
			);
			defaultConfigurationIsVisible = 0;
			defaultConfigurationName = Release;
		};
		9F1BE0B8264E5A1E000A0384 /* Build configuration list for PBXNativeTarget "SalesTaxUITests" */ = {
			isa = XCConfigurationList;
			buildConfigurations = (
				9F1BE0B9264E5A1E000A0384 /* Debug */,
				9F1BE0BA264E5A1E000A0384 /* Release */,
			);
			defaultConfigurationIsVisible = 0;
			defaultConfigurationName = Release;
		};
/* End XCConfigurationList section */
	};
	rootObject = 9F1BE080264E5A1C000A0384 /* Project object */;
}
